version = 1
revision = 3
requires-python = ">=3.14"

[[package]]
name = "certifi"
version = "2026.7.22"
source = { registry = "https://pypi.org/simple" }
sdist = { url = "https://files.pythonhosted.org/packages/a3/c2/24167ea9858356b47a87a50d39908bfdb72ceeefe0041586e704e5376b3a/certifi-2026.7.22.tar.gz", hash = "sha256:741e2c3b351ddf169a738da9f2c048608ff7f2c5cc02f1ebc6b118bb090d5d55", size = 138112, upload-time = "2026-07-22T03:35:12.644Z" }
wheels = [
    { url = "https://files.pythonhosted.org/packages/0b/a7/71ac2cff56fec219ed242bb11b8efb69fcc4bec75db06fb7bfe35de520e6/certifi-2026.7.22-py3-none-any.whl", hash = "sha256:62f22742b58a1a33014a2b6b706588a8d7e2a88ae7bd1a6ebe8c992928483775", size = 136983, upload-time = "2026-07-22T03:35:11.276Z" },
]

[[package]]
name = "charset-normalizer"
version = "2.1.1"
source = { registry = "https://pypi.org/simple" }
sdist = { url = "https://files.pythonhosted.org/packages/a1/34/44964211e5410b051e4b8d2869c470ae8a68ae274953b1c7de6d98bbcf94/charset-normalizer-2.1.1.tar.gz", hash = "sha256:5a3d016c7c547f69d6f81fb0db9449ce888b418b5b9952cc5e6e66843e9dd845", size = 82360, upload-time = "2022-08-19T22:13:48.372Z" }
wheels = [
    { url = "https://files.pythonhosted.org/packages/db/51/a507c856293ab05cdc1db77ff4bc1268ddd39f29e7dc4919aa497f0adbec/charset_normalizer-2.1.1-py3-none-any.whl", hash = "sha256:83e9a75d1911279afd89352c68b45348559d1fc0506b054b346651b5e7fee29f", size = 39748, upload-time = "2022-08-19T22:13:46.702Z" },
]

[[package]]
name = "idna"
version = "3.19"
source = { registry = "https://pypi.org/simple" }
sdist = { url = "https://files.pythonhosted.org/packages/5f/f7/abb373e5757eaec4b922b92f97ec8d6d7e057cf06778247604fbc4e7c3f3/idna-3.19.tar.gz", hash = "sha256:5e0811a4383b21dc5838069f801c4fb62113b7447663d2530d2bd6e77b49bf15", size = 215237, upload-time = "2026-08-18T05:14:24.27Z" }
wheels = [
    { url = "https://files.pythonhosted.org/packages/57/b0/0e52c878c53f245edd3a11020f20979b3f490f245af532c7cae3027754b5/idna-3.19-py3-none-any.whl", hash = "sha256:815e7be7a7806d54abb586dc943addc79e8b2ee16915059658cbeff4b1b43bf4", size = 68550, upload-time = "2026-08-18T05:14:22.343Z" },
]

[[package]]
name = "markdown-it-py"
version = "4.2.0"
source = { registry = "https://pypi.org/simple" }
dependencies = [
    { name = "mdurl" },
]
sdist = { url = "https://files.pythonhosted.org/packages/06/ff/7841249c247aa650a76b9ee4bbaeae59370dc8bfd2f6c01f3630c35eb134/markdown_it_py-4.2.0.tar.gz", hash = "sha256:04a21681d6fbb623de53f6f364d352309d4094dd4194040a10fd51833e418d49", size = 82454, upload-time = "2026-05-07T12:08:28.36Z" }
wheels = [
    { url = "https://files.pythonhosted.org/packages/b3/81/4da04ced5a082363ecfa159c010d200ecbd959ae410c10c0264a38cac0f5/markdown_it_py-4.2.0-py3-none-any.whl", hash = "sha256:9f7ebbcd14fe59494226453aed97c1070d83f8d24b6fc3a3bcf9a38092641c4a", size = 91687, upload-time = "2026-05-07T12:08:27.182Z" },
]

[[package]]
name = "mdurl"
version = "0.1.2"
source = { registry = "https://pypi.org/simple" }
sdist = { url = "https://files.pythonhosted.org/packages/d6/54/cfe61301667036ec958cb99bd3efefba235e65cdeb9c84d24a8293ba1d90/mdurl-0.1.2.tar.gz", hash = "sha256:bb413d29f5eea38f31dd4754dd7377d4465116fb207585f97bf925588687c1ba", size = 8729, upload-time = "2022-08-14T12:40:10.846Z" }
wheels = [
    { url = "https://files.pythonhosted.org/packages/b3/38/89ba8ad64ae25be8de66a6d463314cf1eb366222074cfda9ee839c56a4b4/mdurl-0.1.2-py3-none-any.whl", hash = "sha256:84008a41e51615a49fc9966191ff91509e3c40b939176e643fd50a5c2196b8f8", size = 9979, upload-time = "2022-08-14T12:40:09.779Z" },
]

[[package]]
name = "pygments"
version = "2.21.0"
source = { registry = "https://pypi.org/simple" }
sdist = { url = "https://files.pythonhosted.org/packages/49/2e/ced460408999b33da6b31b0021b0f37d329e202d4169aeb164493778f25b/pygments-2.21.0.tar.gz", hash = "sha256:610ca751c9bc2492b38eb9a38a7fbc93edbbb2d7182edaf34e66ae493dee5c8c", size = 5005329, upload-time = "2026-08-17T08:02:48.824Z" }
wheels = [
    { url = "https://files.pythonhosted.org/packages/71/46/17f022dd3e953bf20a04a028a21ec746d942f8d2af30fa0f124fa0e6a684/pygments-2.21.0-py3-none-any.whl", hash = "sha256:2363c69b61c4a97c838da3b130dcd6468f4848992b21a82f2a63ec34377137d9", size = 1250147, upload-time = "2026-08-17T08:02:44.912Z" },
]

[[package]]
name = "pyperclip"
version = "1.9.0"
source = { registry = "https://pypi.org/simple" }
sdist = { url = "https://files.pythonhosted.org/packages/30/23/2f0a3efc4d6a32f3b63cdff36cd398d9701d26cda58e3ab97ac79fb5e60d/pyperclip-1.9.0.tar.gz", hash = "sha256:b7de0142ddc81bfc5c7507eea19da920b92252b548b96186caf94a5e2527d310", size = 20961, upload-time = "2024-06-18T20:38:48.401Z" }

[[package]]
name = "pypresence"
version = "4.6.2"
source = { registry = "https://pypi.org/simple" }
sdist = { url = "https://files.pythonhosted.org/packages/22/ce/4ce38b7f36f4eec77b3d21a5885228bbe8ea6d5ea35ff0876f7889c3bbbd/pypresence-4.6.2.tar.gz", hash = "sha256:7e7e93de0e94a42314300ef6d15dd2c44c64ef74b7c749243bc226be2ab90687", size = 21335, upload-time = "2026-07-08T05:05:02.006Z" }
wheels = [
    { url = "https://files.pythonhosted.org/packages/05/61/69bf5ed7393fc314b7129d509ec1bc9622ce98d7300a780d52fa3b95bc88/pypresence-4.6.2-py3-none-any.whl", hash = "sha256:6587e525a663699ca5fb8621ea147a9c264c135650c50afbccd7b5d9b4e28dc0", size = 13734, upload-time = "2026-07-08T05:05:00.67Z" },
]

[[package]]
name = "requests"
version = "2.31.0"
source = { registry = "https://pypi.org/simple" }
dependencies = [
    { name = "certifi" },
    { name = "charset-normalizer" },
    { name = "idna" },
    { name = "urllib3" },
]
sdist = { url = "https://files.pythonhosted.org/packages/9d/be/10918a2eac4ae9f02f6cfe6414b7a155ccd8f7f9d4380d62fd5b955065c3/requests-2.31.0.tar.gz", hash = "sha256:942c5a758f98d790eaed1a29cb6eefc7ffb0d1cf7af05c3d2791656dbd6ad1e1", size = 110794, upload-time = "2023-05-22T15:12:44.175Z" }
wheels = [
    { url = "https://files.pythonhosted.org/packages/70/8e/0e2d847013cb52cd35b38c009bb167a1a26b2ce6cd6965bf26b47bc0bf44/requests-2.31.0-py3-none-any.whl", hash = "sha256:58cd2187c01e70e6e26505bca751777aa9f2ee0b7f4300988b709f44e013003f", size = 62574, upload-time = "2023-05-22T15:12:42.313Z" },
]

[[package]]
name = "rich"
version = "13.9.4"
source = { registry = "https://pypi.org/simple" }
dependencies = [
    { name = "markdown-it-py" },
    { name = "pygments" },
]
sdist = { url = "https://files.pythonhosted.org/packages/ab/3a/0316b28d0761c6734d6bc14e770d85506c986c85ffb239e688eeaab2c2bc/rich-13.9.4.tar.gz", hash = "sha256:439594978a49a09530cff7ebc4b5c7103ef57baf48d5ea3184f21d9a2befa098", size = 223149, upload-time = "2024-11-01T16:43:57.873Z" }
wheels = [
    { url = "https://files.pythonhosted.org/packages/19/71/39c7c0d87f8d4e6c020a393182060eaefeeae6c01dab6a84ec346f2567df/rich-13.9.4-py3-none-any.whl", hash = "sha256:6049d5e6ec054bf2779ab3358186963bac2ea89175919d699e378b99738c2a90", size = 242424, upload-time = "2024-11-01T16:43:55.817Z" },
]

[[package]]
name = "riitag-rpc"
version = "0.1.0"
source = { virtual = "." }
dependencies = [
    { name = "charset-normalizer" },
    { name = "pyperclip" },
    { name = "pypresence" },
    { name = "requests" },
    { name = "rich" },
    { name = "sentry-sdk" },
]

[package.metadata]
requires-dist = [
    { name = "charset-normalizer", specifier = "<3.0" },
    { name = "pyperclip", specifier = "~=1.9.0" },
    { name = "pypresence", specifier = "~=4.6.1" },
    { name = "requests", specifier = "~=2.31.0" },
    { name = "rich", specifier = "~=13.7" },
    { name = "sentry-sdk", specifier = "~=1.28.1" },
]

[[package]]
name = "sentry-sdk"
version = "1.28.1"
source = { registry = "https://pypi.org/simple" }
dependencies = [
    { name = "certifi" },
    { name = "urllib3" },
]
sdist = { url = "https://files.pythonhosted.org/packages/87/87/373b4f6cb536ecc22db4fd58972a5e8fcd818a30d70262ab434372faac38/sentry-sdk-1.28.1.tar.gz", hash = "sha256:dcd88c68aa64dae715311b5ede6502fd684f70d00a7cd4858118f0ba3153a3ae", size = 192255, upload-time = "2023-07-13T10:14:42.122Z" }
wheels = [
    { url = "https://files.pythonhosted.org/packages/8b/ef/cee575cda78f419a76ac9be4830f136c16bc2d90f00720f03b70bf7d8a6d/sentry_sdk-1.28.1-py2.py3-none-any.whl", hash = "sha256:6bdb25bd9092478d3a817cb0d01fa99e296aea34d404eac3ca0037faa5c2aa0a", size = 214700, upload-time = "2023-07-13T10:14:42.095Z" },
]

[[package]]
name = "urllib3"
version = "2.7.0"
source = { registry = "https://pypi.org/simple" }
sdist = { url = "https://files.pythonhosted.org/packages/53/0c/06f8b233b8fd13b9e5ee11424ef85419ba0d8ba0b3138bf360be2ff56953/urllib3-2.7.0.tar.gz", hash = "sha256:231e0ec3b63ceb14667c67be60f2f2c40a518cb38b03af60abc813da26505f4c", size = 433602, upload-time = "2026-05-07T16:13:18.596Z" }
wheels = [
    { url = "https://files.pythonhosted.org/packages/7f/3e/5db95bcf282c52709639744ca2a8b149baccf648e39c8cc87553df9eae0c/urllib3-2.7.0-py3-none-any.whl", hash = "sha256:9fb4c81ebbb1ce9531cce37674bbc6f1360472bc18ca9a553ede278ef7276897", size = 131087, upload-time = "2026-05-07T16:13:17.151Z" },
]
